
Microsoft Visual Studio Solution File, Format Version 12.00
# Visual Studio Version 17
VisualStudioVersion = 17.5.002.0
MinimumVisualStudioVersion = 10.0.40219.1
Project("{2150E333-8FDC-42A3-9474-1A3956D46DE8}") = "csharp-prep", "csharp-prep", "{1B73CE3A-B599-44B6-B9A7-AB019485ACA9}"
EndProject
Project("{9A19103F-16F7-4668-BE54-9A1E7A4F7556}") = "Prep1", "csharp-prep\Prep1\Prep1.csproj", "{4D75315B-B756-4496-B9DB-4955FCA0779C}"
EndProject
Project("{9A19103F-16F7-4668-BE54-9A1E7A4F7556}") = "Prep2", "csharp-prep\Prep2\Prep2.csproj", "{A8071019-9534-451A-8B82-9D0310C08364}"
EndProject
Project("{9A19103F-16F7-4668-BE54-9A1E7A4F7556}") = "Prep3", "csharp-prep\Prep3\Prep3.csproj", "{43CFEB1D-4041-4CBA-91B0-DD8E54EB4FDF}"
EndProject
Project("{9A19103F-16F7-4668-BE54-9A1E7A4F7556}") = "Prep4", "csharp-prep\Prep4\Prep4.csproj", "{202A3883-D9B5-406A-B771-C54849E221F2}"
EndProject
Project("{9A19103F-16F7-4668-BE54-9A1E7A4F7556}") = "Prep5", "csharp-prep\Prep5\Prep5.csproj", "{5B31BFE9-02A3-4B8C-8C52-E04CB057D580}"
EndProject
Project("{2150E333-8FDC-42A3-9474-1A3956D46DE8}") = "final", "final", "{A9160548-3A64-4F3D-8914-DB825E43E556}"
EndProject
Project("{9A19103F-16F7-4668-BE54-9A1E7A4F7556}") = "FinalProject", "final\FinalProject\FinalProject.csproj", "{3DFE0716-7476-4AB1-9CFB-783C39E826F8}"
EndProject
Project("{9A19103F-16F7-4668-BE54-9A1E7A4F7556}") = "Foundation1", "final\Foundation1\Foundation1.csproj", "{0260897D-3CA2-4EAF-92C0-D3CD9A532961}"
EndProject
Project("{9A19103F-16F7-4668-BE54-9A1E7A4F7556}") = "Foundation2", "final\Foundation2\Foundation2.csproj", "{1678D82E-0FBB-4678-ADFA-327C974CBCC0}"
EndProject
Project("{9A19103F-16F7-4668-BE54-9A1E7A4F7556}") = "Foundation3", "final\Foundation3\Foundation3.csproj", "{E6B85273-3E25-4FFA-88C0-C3208DA1F17C}"
EndProject
Project("{9A19103F-16F7-4668-BE54-9A1E7A4F7556}") = "Foundation4", "final\Foundation4\Foundation4.csproj", "{2B0002B1-C357-4C22-8C31-DFD85E528FDF}"
EndProject
Project("{2150E333-8FDC-42A3-9474-1A3956D46DE8}") = "prepare", "prepare", "{98E658B8-C840-4495-BD40-1FFE1D846D86}"
EndProject
Project("{9A19103F-16F7-4668-BE54-9A1E7A4F7556}") = "Learning02", "prepare\Learning02\Learning02.csproj", "{5DB91512-F3D0-4E45-AA50-098B1D7204A8}"
EndProject
Project("{9A19103F-16F7-4668-BE54-9A1E7A4F7556}") = "Learning03", "prepare\Learning03\Learning03.csproj", "{473E968D-D74B-41AF-A6F7-44156A95B345}"
EndProject
Project("{9A19103F-16F7-4668-BE54-9A1E7A4F7556}") = "Learning04", "prepare\Learning04\Learning04.csproj", "{6C5D3A30-0081-4DE8-AFB0-75C7CBC933CE}"
EndProject
Project("{9A19103F-16F7-4668-BE54-9A1E7A4F7556}") = "Learning05", "prepare\Learning05\Learning05.csproj", "{04947C9F-72E1-4FDF-B50F-1866541FC126}"
EndProject
Project("{2150E333-8FDC-42A3-9474-1A3956D46DE8}") = "prove", "prove", "{BBB826C1-6A21-467B-8525-3614ED246161}"
EndProject
Project("{9A19103F-16F7-4668-BE54-9A1E7A4F7556}") = "Develop02", "prove\Develop02\Develop02.csproj", "{49D72B62-A310-4716-9E9B-876AA7B9AA54}"
EndProject
Project("{9A19103F-16F7-4668-BE54-9A1E7A4F7556}") = "Develop03", "prove\Develop03\Develop03.csproj", "{94A4ED3A-9D48-4ABD-BBC3-A6D02B5F2088}"
EndProject
Project("{9A19103F-16F7-4668-BE54-9A1E7A4F7556}") = "Develop04", "prove\Develop04\Develop04.csproj", "{4ECA28F2-6C47-4C38-9C0D-21E694955157}"
EndProject
Project("{9A19103F-16F7-4668-BE54-9A1E7A4F7556}") = "Develop05", "prove\Develop05\Develop05.csproj", "{2B954D3F-F83A-4705-A442-D1E44157E882}"
EndProject
Project("{2150E333-8FDC-42A3-9474-1A3956D46DE8}") = "sandbox", "sandbox", "{654B47DA-4341-49AC-A116-19E4DBDF5C55}"
EndProject
Project("{9A19103F-16F7-4668-BE54-9A1E7A4F7556}") = "Sandbox", "sandbox\Sandbox\Sandbox.csproj", "{3A94EF76-C550-4591-B0F9-8B39B20FBDB4}"
EndProject
Global
	GlobalSection(SolutionConfigurationPlatforms) = preSolution
		Debug|Any CPU = Debug|Any CPU
		Release|Any CPU = Release|Any CPU
	EndGlobalSection
	GlobalSection(ProjectConfigurationPlatforms) = postSolution
		{4D75315B-B756-4496-B9DB-4955FCA0779C}.Debug|Any CPU.ActiveCfg = Debug|Any CPU
		{4D75315B-B756-4496-B9DB-4955FCA0779C}.Debug|Any CPU.Build.0 = Debug|Any CPU
		{4D75315B-B756-4496-B9DB-4955FCA0779C}.Release|Any CPU.ActiveCfg = Release|Any CPU
		{4D75315B-B756-4496-B9DB-4955FCA0779C}.Release|Any CPU.Build.0 = Release|Any CPU
		{A8071019-9534-451A-8B82-9D0310C08364}.Debug|Any CPU.ActiveCfg = Debug|Any CPU
		{A8071019-9534-451A-8B82-9D0310C08364}.Debug|Any CPU.Build.0 = Debug|Any CPU
		{A8071019-9534-451A-8B82-9D0310C08364}.Release|Any CPU.ActiveCfg = Release|Any CPU
		{A8071019-9534-451A-8B82-9D0310C08364}.Release|Any CPU.Build.0 = Release|Any CPU
		{43CFEB1D-4041-4CBA-91B0-DD8E54EB4FDF}.Debug|Any CPU.ActiveCfg = Debug|Any CPU
		{43CFEB1D-4041-4CBA-91B0-DD8E54EB4FDF}.Debug|Any CPU.Build.0 = Debug|Any CPU
		{43CFEB1D-4041-4CBA-91B0-DD8E54EB4FDF}.Release|Any CPU.ActiveCfg = Release|Any CPU
		{43CFEB1D-4041-4CBA-91B0-DD8E54EB4FDF}.Release|Any CPU.Build.0 = Release|Any CPU
		{202A3883-D9B5-406A-B771-C54849E221F2}.Debug|Any CPU.ActiveCfg = Debug|Any CPU
		{202A3883-D9B5-406A-B771-C54849E221F2}.Debug|Any CPU.Build.0 = Debug|Any CPU
		{202A3883-D9B5-406A-B771-C54849E221F2}.Release|Any CPU.ActiveCfg = Release|Any CPU
		{202A3883-D9B5-406A-B771-C54849E221F2}.Release|Any CPU.Build.0 = Release|Any CPU
		{5B31BFE9-02A3-4B8C-8C52-E04CB057D580}.Debug|Any CPU.ActiveCfg = Debug|Any CPU
		{5B31BFE9-02A3-4B8C-8C52-E04CB057D580}.Debug|Any CPU.Build.0 = Debug|Any CPU
		{5B31BFE9-02A3-4B8C-8C52-E04CB057D580}.Release|Any CPU.ActiveCfg = Release|Any CPU
		{5B31BFE9-02A3-4B8C-8C52-E04CB057D580}.Release|Any CPU.Build.0 = Release|Any CPU
		{3DFE0716-7476-4AB1-9CFB-783C39E826F8}.Debug|Any CPU.ActiveCfg = Debug|Any CPU
		{3DFE0716-7476-4AB1-9CFB-783C39E826F8}.Debug|Any CPU.Build.0 = Debug|Any CPU
		{3DFE0716-7476-4AB1-9CFB-783C39E826F8}.Release|Any CPU.ActiveCfg = Release|Any CPU
		{3DFE0716-7476-4AB1-9CFB-783C39E826F8}.Release|Any CPU.Build.0 = Release|Any CPU
		{0260897D-3CA2-4EAF-92C0-D3CD9A532961}.Debug|Any CPU.ActiveCfg = Debug|Any CPU
		{0260897D-3CA2-4EAF-92C0-D3CD9A532961}.Debug|Any CPU.Build.0 = Debug|Any CPU
		{0260897D-3CA2-4EAF-92C0-D3CD9A532961}.Release|Any CPU.ActiveCfg = Release|Any CPU
		{0260897D-3CA2-4EAF-92C0-D3CD9A532961}.Release|Any CPU.Build.0 = Release|Any CPU
		{1678D82E-0FBB-4678-ADFA-327C974CBCC0}.Debug|Any CPU.ActiveCfg = Debug|Any CPU
		{1678D82E-0FBB-4678-ADFA-327C974CBCC0}.Debug|Any CPU.Build.0 = Debug|Any CPU
		{1678D82E-0FBB-4678-ADFA-327C974CBCC0}.Release|Any CPU.ActiveCfg = Release|Any CPU
		{1678D82E-0FBB-4678-ADFA-327C974CBCC0}.Release|Any CPU.Build.0 = Release|Any CPU
		{E6B85273-3E25-4FFA-88C0-C3208DA1F17C}.Debug|Any CPU.ActiveCfg = Debug|Any CPU
		{E6B85273-3E25-4FFA-88C0-C3208DA1F17C}.Debug|Any CPU.Build.0 = Debug|Any CPU
		{E6B85273-3E25-4FFA-88C0-C3208DA1F17C}.Release|Any CPU.ActiveCfg = Release|Any CPU
		{E6B85273-3E25-4FFA-88C0-C3208DA1F17C}.Release|Any CPU.Build.0 = Release|Any CPU
		{2B0002B1-C357-4C22-8C31-DFD85E528FDF}.Debug|Any CPU.ActiveCfg = Debug|Any CPU
		{2B0002B1-C357-4C22-8C31-DFD85E528FDF}.Debug|Any CPU.Build.0 = Debug|Any CPU
		{2B0002B1-C357-4C22-8C31-DFD85E528FDF}.Release|Any CPU.ActiveCfg = Release|Any CPU
		{2B0002B1-C357-4C22-8C31-DFD85E528FDF}.Release|Any CPU.Build.0 = Release|Any CPU
		{5DB91512-F3D0-4E45-AA50-098B1D7204A8}.Debug|Any CPU.ActiveCfg = Debug|Any CPU
		{5DB91512-F3D0-4E45-AA50-098B1D7204A8}.Debug|Any CPU.Build.0 = Debug|Any CPU
		{5DB91512-F3D0-4E45-AA50-098B1D7204A8}.Release|Any CPU.ActiveCfg = Release|Any CPU
		{5DB91512-F3D0-4E45-AA50-098B1D7204A8}.Release|Any CPU.Build.0 = Release|Any CPU
		{473E968D-D74B-41AF-A6F7-44156A95B345}.Debug|Any CPU.ActiveCfg = Debug|Any CPU
		{473E968D-D74B-41AF-A6F7-44156A95B345}.Debug|Any CPU.Build.0 = Debug|Any CPU
		{473E968D-D74B-41AF-A6F7-44156A95B345}.Release|Any CPU.ActiveCfg = Release|Any CPU
		{473E968D-D74B-41AF-A6F7-44156A95B345}.Release|Any CPU.Build.0 = Release|Any CPU
		{6C5D3A30-0081-4DE8-AFB0-75C7CBC933CE}.Debug|Any CPU.ActiveCfg = Debug|Any CPU
		{6C5D3A30-0081-4DE8-AFB0-75C7CBC933CE}.Debug|Any CPU.Build.0 = Debug|Any CPU
		{6C5D3A30-0081-4DE8-AFB0-75C7CBC933CE}.Release|Any CPU.ActiveCfg = Release|Any CPU
		{6C5D3A30-0081-4DE8-AFB0-75C7CBC933CE}.Release|Any CPU.Build.0 = Release|Any CPU
		{04947C9F-72E1-4FDF-B50F-1866541FC126}.Debug|Any CPU.ActiveCfg = Debug|Any CPU
		{04947C9F-72E1-4FDF-B50F-1866541FC126}.Debug|Any CPU.Build.0 = Debug|Any CPU
		{04947C9F-72E1-4FDF-B50F-1866541FC126}.Release|Any CPU.ActiveCfg = Release|Any CPU
		{04947C9F-72E1-4FDF-B50F-1866541FC126}.Release|Any CPU.Build.0 = Release|Any CPU
		{49D72B62-A310-4716-9E9B-876AA7B9AA54}.Debug|Any CPU.ActiveCfg = Debug|Any CPU
		{49D72B62-A310-4716-9E9B-876AA7B9AA54}.Debug|Any CPU.Build.0 = Debug|Any CPU
		{49D72B62-A310-4716-9E9B-876AA7B9AA54}.Release|Any CPU.ActiveCfg = Release|Any CPU
		{49D72B62-A310-4716-9E9B-876AA7B9AA54}.Release|Any CPU.Build.0 = Release|Any CPU
		{94A4ED3A-9D48-4ABD-BBC3-A6D02B5F2088}.Debug|Any CPU.ActiveCfg = Debug|Any CPU
		{94A4ED3A-9D48-4ABD-BBC3-A6D02B5F2088}.Debug|Any CPU.Build.0 = Debug|Any CPU
		{94A4ED3A-9D48-4ABD-BBC3-A6D02B5F2088}.Release|Any CPU.ActiveCfg = Release|Any CPU
		{94A4ED3A-9D48-4ABD-BBC3-A6D02B5F2088}.Release|Any CPU.Build.0 = Release|Any CPU
		{4ECA28F2-6C47-4C38-9C0D-21E694955157}.Debug|Any CPU.ActiveCfg = Debug|Any CPU
		{4ECA28F2-6C47-4C38-9C0D-21E694955157}.Debug|Any CPU.Build.0 = Debug|Any CPU
		{4ECA28F2-6C47-4C38-9C0D-21E694955157}.Release|Any CPU.ActiveCfg = Release|Any CPU
		{4ECA28F2-6C47-4C38-9C0D-21E694955157}.Release|Any CPU.Build.0 = Release|Any CPU
		{2B954D3F-F83A-4705-A442-D1E44157E882}.Debug|Any CPU.ActiveCfg = Debug|Any CPU
		{2B954D3F-F83A-4705-A442-D1E44157E882}.Debug|Any CPU.Build.0 = Debug|Any CPU
		{2B954D3F-F83A-4705-A442-D1E44157E882}.Release|Any CPU.ActiveCfg = Release|Any CPU
		{2B954D3F-F83A-4705-A442-D1E44157E882}.Release|Any CPU.Build.0 = Release|Any CPU
		{3A94EF76-C550-4591-B0F9-8B39B20FBDB4}.Debug|Any CPU.ActiveCfg = Debug|Any CPU
		{3A94EF76-C550-4591-B0F9-8B39B20FBDB4}.Debug|Any CPU.Build.0 = Debug|Any CPU
		{3A94EF76-C550-4591-B0F9-8B39B20FBDB4}.Release|Any CPU.ActiveCfg = Release|Any CPU
		{3A94EF76-C550-4591-B0F9-8B39B20FBDB4}.Release|Any CPU.Build.0 = Release|Any CPU
	EndGlobalSection
	GlobalSection(SolutionProperties) = preSolution
		HideSolutionNode = FALSE
	EndGlobalSection
	GlobalSection(NestedProjects) = preSolution
		{4D75315B-B756-4496-B9DB-4955FCA0779C} = {1B73CE3A-B599-44B6-B9A7-AB019485ACA9}
		{A8071019-9534-451A-8B82-9D0310C08364} = {1B73CE3A-B599-44B6-B9A7-AB019485ACA9}
		{43CFEB1D-4041-4CBA-91B0-DD8E54EB4FDF} = {1B73CE3A-B599-44B6-B9A7-AB019485ACA9}
		{202A3883-D9B5-406A-B771-C54849E221F2} = {1B73CE3A-B599-44B6-B9A7-AB019485ACA9}
		{5B31BFE9-02A3-4B8C-8C52-E04CB057D580} = {1B73CE3A-B599-44B6-B9A7-AB019485ACA9}
		{3DFE0716-7476-4AB1-9CFB-783C39E826F8} = {A9160548-3A64-4F3D-8914-DB825E43E556}
		{0260897D-3CA2-4EAF-92C0-D3CD9A532961} = {A9160548-3A64-4F3D-8914-DB825E43E556}
		{1678D82E-0FBB-4678-ADFA-327C974CBCC0} = {A9160548-3A64-4F3D-8914-DB825E43E556}
		{E6B85273-3E25-4FFA-88C0-C3208DA1F17C} = {A9160548-3A64-4F3D-8914-DB825E43E556}
		{2B0002B1-C357-4C22-8C31-DFD85E528FDF} = {A9160548-3A64-4F3D-8914-DB825E43E556}
		{5DB91512-F3D0-4E45-AA50-098B1D7204A8} = {98E658B8-C840-4495-BD40-1FFE1D846D86}
		{473E968D-D74B-41AF-A6F7-44156A95B345} = {98E658B8-C840-4495-BD40-1FFE1D846D86}
		{6C5D3A30-0081-4DE8-AFB0-75C7CBC933CE} = {98E658B8-C840-4495-BD40-1FFE1D846D86}
		{04947C9F-72E1-4FDF-B50F-1866541FC126} = {98E658B8-C840-4495-BD40-1FFE1D846D86}
		{49D72B62-A310-4716-9E9B-876AA7B9AA54} = {BBB826C1-6A21-467B-8525-3614ED246161}
		{94A4ED3A-9D48-4ABD-BBC3-A6D02B5F2088} = {BBB826C1-6A21-467B-8525-3614ED246161}
		{4ECA28F2-6C47-4C38-9C0D-21E694955157} = {BBB826C1-6A21-467B-8525-3614ED246161}
		{2B954D3F-F83A-4705-A442-D1E44157E882} = {BBB826C1-6A21-467B-8525-3614ED246161}
		{3A94EF76-C550-4591-B0F9-8B39B20FBDB4} = {654B47DA-4341-49AC-A116-19E4DBDF5C55}
	EndGlobalSection
	GlobalSection(ExtensibilityGlobals) = postSolution
		SolutionGuid = {4D0CF7E5-53A4-4FBD-BE62-8C82EB8247E5}
	EndGlobalSection
EndGlobal
